// !$*UTF8*$!
{
	archiveVersion = 1;
	classes = {
	};
	objectVersion = 56;
	objects = {

/* Begin PBXBuildFile section */
		59316B7229D21AB400C124D9 /* AppDelegate.swift in Sources */ = {isa = PBXBuildFile; fileRef = 59316B7129D21AB400C124D9 /* AppDelegate.swift */; };
		59316B7429D21AB400C124D9 /* SceneDelegate.swift in Sources */ = {isa = PBXBuildFile; fileRef = 59316B7329D21AB400C124D9 /* SceneDelegate.swift */; };
		59316B7629D21AB400C124D9 /* ViewController.swift in Sources */ = {isa = PBXBuildFile; fileRef = 59316B7529D21AB400C124D9 /* ViewController.swift */; };
		59316B7C29D21AB400C124D9 /* SwiftInvalid.xcdatamodeld in Sources */ = {isa = PBXBuildFile; fileRef = 59316B7A29D21AB400C124D9 /* SwiftInvalid.xcdatamodeld */; };
		59316B7E29D21AB700C124D9 /* Assets.xcassets in Resources */ = {isa = PBXBuildFile; fileRef = 59316B7D29D21AB700C124D9 /* Assets.xcassets */; };
		59316B8129D21AB700C124D9 /* LaunchScreen.storyboard in Resources */ = {isa = PBXBuildFile; fileRef = 59316B7F29D21AB700C124D9 /* LaunchScreen.storyboard */; };
		59316B8929D21B2E00C124D9 /* TabBar.storyboard in Resources */ = {isa = PBXBuildFile; fileRef = 59316B8829D21B2E00C124D9 /* TabBar.storyboard */; };
		59316B8B29D21B4E00C124D9 /* TabBarController.swift in Sources */ = {isa = PBXBuildFile; fileRef = 59316B8A29D21B4E00C124D9 /* TabBarController.swift */; };
		59316B8D29D21C8100C124D9 /* Main.storyboard in Resources */ = {isa = PBXBuildFile; fileRef = 59316B8C29D21C8100C124D9 /* Main.storyboard */; };
		59316B9129D21D4500C124D9 /* LearnViewController.swift in Sources */ = {isa = PBXBuildFile; fileRef = 59316B8E29D21D4500C124D9 /* LearnViewController.swift */; };
		59316B9229D21D4500C124D9 /* LearnTableViewCell.swift in Sources */ = {isa = PBXBuildFile; fileRef = 59316B8F29D21D4500C124D9 /* LearnTableViewCell.swift */; };
		59316B9329D21D4500C124D9 /* Themes.swift in Sources */ = {isa = PBXBuildFile; fileRef = 59316B9029D21D4500C124D9 /* Themes.swift */; };
		59316B9529D21D6100C124D9 /* ProgressViewController.swift in Sources */ = {isa = PBXBuildFile; fileRef = 59316B9429D21D6100C124D9 /* ProgressViewController.swift */; };
		59316B9A29D21D7500C124D9 /* ArrayViewController.swift in Sources */ = {isa = PBXBuildFile; fileRef = 59316B9629D21D7400C124D9 /* ArrayViewController.swift */; };
		59316B9B29D21D7500C124D9 /* DictionariesViewController.swift in Sources */ = {isa = PBXBuildFile; fileRef = 59316B9729D21D7400C124D9 /* DictionariesViewController.swift */; };
		59316B9C29D21D7500C124D9 /* SetsViewController.swift in Sources */ = {isa = PBXBuildFile; fileRef = 59316B9829D21D7400C124D9 /* SetsViewController.swift */; };
		59316B9D29D21D7500C124D9 /* AboutTypesViewController.swift in Sources */ = {isa = PBXBuildFile; fileRef = 59316B9929D21D7400C124D9 /* AboutTypesViewController.swift */; };
		59316BAC29D21D8100C124D9 /* OptionalTypesViewController.swift in Sources */ = {isa = PBXBuildFile; fileRef = 59316B9E29D21D7F00C124D9 /* OptionalTypesViewController.swift */; };
		59316BAD29D21D8100C124D9 /* logicalTypesViewController.swift in Sources */ = {isa = PBXBuildFile; fileRef = 59316B9F29D21D7F00C124D9 /* logicalTypesViewController.swift */; };
		59316BAE29D21D8100C124D9 /* LetAndVarViewController.swift in Sources */ = {isa = PBXBuildFile; fileRef = 59316BA029D21D8000C124D9 /* LetAndVarViewController.swift */; };
		59316BAF29D21D8100C124D9 /* LectureViewController.swift in Sources */ = {isa = PBXBuildFile; fileRef = 59316BA129D21D8000C124D9 /* LectureViewController.swift */; };
		59316BB029D21D8100C124D9 /* multilineLinesViewController.swift in Sources */ = {isa = PBXBuildFile; fileRef = 59316BA229D21D8000C124D9 /* multilineLinesViewController.swift */; };
		59316BB129D21D8100C124D9 /* AnnotationOfTypesViewController.swift in Sources */ = {isa = PBXBuildFile; fileRef = 59316BA329D21D8000C124D9 /* AnnotationOfTypesViewController.swift */; };
		59316BB229D21D8100C124D9 /* dataTypesViewController.swift in Sources */ = {isa = PBXBuildFile; fileRef = 59316BA429D21D8000C124D9 /* dataTypesViewController.swift */; };
		59316BB329D21D8100C124D9 /* TuplesViewController.swift in Sources */ = {isa = PBXBuildFile; fileRef = 59316BA529D21D8000C124D9 /* TuplesViewController.swift */; };
		59316BB429D21D8100C124D9 /* NumericLiteralsViewController.swift in Sources */ = {isa = PBXBuildFile; fileRef = 59316BA629D21D8000C124D9 /* NumericLiteralsViewController.swift */; };
		59316BB529D21D8100C124D9 /* IntegersViewController.swift in Sources */ = {isa = PBXBuildFile; fileRef = 59316BA729D21D8000C124D9 /* IntegersViewController.swift */; };
		59316BB629D21D8100C124D9 /* ConvertingNumericTypesViewController.swift in Sources */ = {isa = PBXBuildFile; fileRef = 59316BA829D21D8000C124D9 /* ConvertingNumericTypesViewController.swift */; };
		59316BB729D21D8100C124D9 /* AboutSwiftViewController.swift in Sources */ = {isa = PBXBuildFile; fileRef = 59316BA929D21D8000C124D9 /* AboutSwiftViewController.swift */; };
		59316BB829D21D8100C124D9 /* CommentsViewController.swift in Sources */ = {isa = PBXBuildFile; fileRef = 59316BAA29D21D8100C124D9 /* CommentsViewController.swift */; };
		59316BB929D21D8100C124D9 /* StatementsAndPreconditionsViewController.swift in Sources */ = {isa = PBXBuildFile; fileRef = 59316BAB29D21D8100C124D9 /* StatementsAndPreconditionsViewController.swift */; };
/* End PBXBuildFile section */

/* Begin PBXFileReference section */
		59316B6E29D21AB400C124D9 /* SwiftInvalid.app */ = {isa = PBXFileReference; explicitFileType = wrapper.application; includeInIndex = 0; path = SwiftInvalid.app; sourceTree = BUILT_PRODUCTS_DIR; };
		59316B7129D21AB400C124D9 /* AppDelegate.swift */ = {isa = PBXFileReference; lastKnownFileType = sourcecode.swift; path = AppDelegate.swift; sourceTree = "<group>"; };
		59316B7329D21AB400C124D9 /* SceneDelegate.swift */ = {isa = PBXFileReference; lastKnownFileType = sourcecode.swift; path = SceneDelegate.swift; sourceTree = "<group>"; };
		59316B7529D21AB400C124D9 /* ViewController.swift */ = {isa = PBXFileReference; lastKnownFileType = sourcecode.swift; path = ViewController.swift; sourceTree = "<group>"; };
		59316B7B29D21AB400C124D9 /* SwiftInvalid.xcdatamodel */ = {isa = PBXFileReference; lastKnownFileType = wrapper.xcdatamodel; path = SwiftInvalid.xcdatamodel; sourceTree = "<group>"; };
		59316B7D29D21AB700C124D9 /* Assets.xcassets */ = {isa = PBXFileReference; lastKnownFileType = folder.assetcatalog; path = Assets.xcassets; sourceTree = "<group>"; };
		59316B8029D21AB700C124D9 /* Base */ = {isa = PBXFileReference; lastKnownFileType = file.storyboard; name = Base; path = Base.lproj/LaunchScreen.storyboard; sourceTree = "<group>"; };
		59316B8229D21AB700C124D9 /* Info.plist */ = {isa = PBXFileReference; lastKnownFileType = text.plist.xml; path = Info.plist; sourceTree = "<group>"; };
		59316B8829D21B2E00C124D9 /* TabBar.storyboard */ = {isa = PBXFileReference; fileEncoding = 4; lastKnownFileType = file.storyboard; path = TabBar.storyboard; sourceTree = "<group>"; };
		59316B8A29D21B4E00C124D9 /* TabBarController.swift */ = {isa = PBXFileReference; fileEncoding = 4; lastKnownFileType = sourcecode.swift; path = TabBarController.swift; sourceTree = "<group>"; };
		59316B8C29D21C8100C124D9 /* Main.storyboard */ = {isa = PBXFileReference; fileEncoding = 4; lastKnownFileType = file.storyboard; path = Main.storyboard; sourceTree = "<group>"; };
		59316B8E29D21D4500C124D9 /* LearnViewController.swift */ = {isa = PBXFileReference; fileEncoding = 4; lastKnownFileType = sourcecode.swift; path = LearnViewController.swift; sourceTree = "<group>"; };
		59316B8F29D21D4500C124D9 /* LearnTableViewCell.swift */ = {isa = PBXFileReference; fileEncoding = 4; lastKnownFileType = sourcecode.swift; path = LearnTableViewCell.swift; sourceTree = "<group>"; };
		59316B9029D21D4500C124D9 /* Themes.swift */ = {isa = PBXFileReference; fileEncoding = 4; lastKnownFileType = sourcecode.swift; path = Themes.swift; sourceTree = "<group>"; };
		59316B9429D21D6100C124D9 /* ProgressViewController.swift */ = {isa = PBXFileReference; fileEncoding = 4; lastKnownFileType = sourcecode.swift; path = ProgressViewController.swift; sourceTree = "<group>"; };
		59316B9629D21D7400C124D9 /* ArrayViewController.swift */ = {isa = PBXFileReference; fileEncoding = 4; lastKnownFileType = sourcecode.swift; path = ArrayViewController.swift; sourceTree = "<group>"; };
		59316B9729D21D7400C124D9 /* DictionariesViewController.swift */ = {isa = PBXFileReference; fileEncoding = 4; lastKnownFileType = sourcecode.swift; path = DictionariesViewController.swift; sourceTree = "<group>"; };
		59316B9829D21D7400C124D9 /* SetsViewController.swift */ = {isa = PBXFileReference; fileEncoding = 4; lastKnownFileType = sourcecode.swift; path = SetsViewController.swift; sourceTree = "<group>"; };
		59316B9929D21D7400C124D9 /* AboutTypesViewController.swift */ = {isa = PBXFileReference; fileEncoding = 4; lastKnownFileType = sourcecode.swift; path = AboutTypesViewController.swift; sourceTree = "<group>"; };
		59316B9E29D21D7F00C124D9 /* OptionalTypesViewController.swift */ = {isa = PBXFileReference; fileEncoding = 4; lastKnownFileType = sourcecode.swift; path = OptionalTypesViewController.swift; sourceTree = "<group>"; };
		59316B9F29D21D7F00C124D9 /* logicalTypesViewController.swift */ = {isa = PBXFileReference; fileEncoding = 4; lastKnownFileType = sourcecode.swift; path = logicalTypesViewController.swift; sourceTree = "<group>"; };
		59316BA029D21D8000C124D9 /* LetAndVarViewController.swift */ = {isa = PBXFileReference; fileEncoding = 4; lastKnownFileType = sourcecode.swift; path = LetAndVarViewController.swift; sourceTree = "<group>"; };
		59316BA129D21D8000C124D9 /* LectureViewController.swift */ = {isa = PBXFileReference; fileEncoding = 4; lastKnownFileType = sourcecode.swift; path = LectureViewController.swift; sourceTree = "<group>"; };
		59316BA229D21D8000C124D9 /* multilineLinesViewController.swift */ = {isa = PBXFileReference; fileEncoding = 4; lastKnownFileType = sourcecode.swift; path = multilineLinesViewController.swift; sourceTree = "<group>"; };
		59316BA329D21D8000C124D9 /* AnnotationOfTypesViewController.swift */ = {isa = PBXFileReference; fileEncoding = 4; lastKnownFileType = sourcecode.swift; path = AnnotationOfTypesViewController.swift; sourceTree = "<group>"; };
		59316BA429D21D8000C124D9 /* dataTypesViewController.swift */ = {isa = PBXFileReference; fileEncoding = 4; lastKnownFileType = sourcecode.swift; path = dataTypesViewController.swift; sourceTree = "<group>"; };
		59316BA529D21D8000C124D9 /* TuplesViewController.swift */ = {isa = PBXFileReference; fileEncoding = 4; lastKnownFileType = sourcecode.swift; path = TuplesViewController.swift; sourceTree = "<group>"; };
		59316BA629D21D8000C124D9 /* NumericLiteralsViewController.swift */ = {isa = PBXFileReference; fileEncoding = 4; lastKnownFileType = sourcecode.swift; path = NumericLiteralsViewController.swift; sourceTree = "<group>"; };
		59316BA729D21D8000C124D9 /* IntegersViewController.swift */ = {isa = PBXFileReference; fileEncoding = 4; lastKnownFileType = sourcecode.swift; path = IntegersViewController.swift; sourceTree = "<group>"; };
		59316BA829D21D8000C124D9 /* ConvertingNumericTypesViewController.swift */ = {isa = PBXFileReference; fileEncoding = 4; lastKnownFileType = sourcecode.swift; path = ConvertingNumericTypesViewController.swift; sourceTree = "<group>"; };
		59316BA929D21D8000C124D9 /* AboutSwiftViewController.swift */ = {isa = PBXFileReference; fileEncoding = 4; lastKnownFileType = sourcecode.swift; path = AboutSwiftViewController.swift; sourceTree = "<group>"; };
		59316BAA29D21D8100C124D9 /* CommentsViewController.swift */ = {isa = PBXFileReference; fileEncoding = 4; lastKnownFileType = sourcecode.swift; path = CommentsViewController.swift; sourceTree = "<group>"; };
		59316BAB29D21D8100C124D9 /* StatementsAndPreconditionsViewController.swift */ = {isa = PBXFileReference; fileEncoding = 4; lastKnownFileType = sourcecode.swift; path = StatementsAndPreconditionsViewController.swift; sourceTree = "<group>"; };
/* End PBXFileReference section */

/* Begin PBXFrameworksBuildPhase section */
		59316B6B29D21AB400C124D9 /* Frameworks */ = {
			isa = PBXFrameworksBuildPhase;
			buildActionMask = 2147483647;
			files = (
			);
			runOnlyForDeploymentPostprocessing = 0;
		};
/* End PBXFrameworksBuildPhase section */

/* Begin PBXGroup section */
		59316B6529D21AB400C124D9 = {
			isa = PBXGroup;
			children = (
				59316B7029D21AB400C124D9 /* SwiftInvalid */,
				59316B6F29D21AB400C124D9 /* Products */,
			);
			sourceTree = "<group>";
		};
		59316B6F29D21AB400C124D9 /* Products */ = {
			isa = PBXGroup;
			children = (
				59316B6E29D21AB400C124D9 /* SwiftInvalid.app */,
			);
			name = Products;
			sourceTree = "<group>";
		};
		59316B7029D21AB400C124D9 /* SwiftInvalid */ = {
			isa = PBXGroup;
			children = (
				59316BBC29D21FCE00C124D9 /* TabBar */,
				59316BBB29D21FA800C124D9 /* Main */,
				59316BBA29D21F6400C124D9 /* Application */,
				59316B7D29D21AB700C124D9 /* Assets.xcassets */,
				59316B7F29D21AB700C124D9 /* LaunchScreen.storyboard */,
				59316B8229D21AB700C124D9 /* Info.plist */,
				59316B7A29D21AB400C124D9 /* SwiftInvalid.xcdatamodeld */,
			);
			path = SwiftInvalid;
			sourceTree = "<group>";
		};
		59316BBA29D21F6400C124D9 /* Application */ = {
			isa = PBXGroup;
			children = (
				59316B7329D21AB400C124D9 /* SceneDelegate.swift */,
				59316B7129D21AB400C124D9 /* AppDelegate.swift */,
			);
			path = Application;
			sourceTree = "<group>";
		};
		59316BBB29D21FA800C124D9 /* Main */ = {
			isa = PBXGroup;
			children = (
				59316B7529D21AB400C124D9 /* ViewController.swift */,
				59316B8C29D21C8100C124D9 /* Main.storyboard */,
			);
			path = Main;
			sourceTree = "<group>";
		};
		59316BBC29D21FCE00C124D9 /* TabBar */ = {
			isa = PBXGroup;
			children = (
				59316BC129D220BC00C124D9 /* Themes */,
				59316BC029D220A900C124D9 /* Progress */,
				59316BBF29D2209C00C124D9 /* Learn */,
				59316BBD29D2206200C124D9 /* ForUs */,
				59316B8829D21B2E00C124D9 /* TabBar.storyboard */,
				59316B8A29D21B4E00C124D9 /* TabBarController.swift */,
			);
			path = TabBar;
			sourceTree = "<group>";
		};
		59316BBD29D2206200C124D9 /* ForUs */ = {
			isa = PBXGroup;
			children = (
			);
			path = ForUs;
			sourceTree = "<group>";
		};
		59316BBF29D2209C00C124D9 /* Learn */ = {
			isa = PBXGroup;
			children = (
				59316B9029D21D4500C124D9 /* Themes.swift */,
				59316B8F29D21D4500C124D9 /* LearnTableViewCell.swift */,
				59316B8E29D21D4500C124D9 /* LearnViewController.swift */,
			);
			path = Learn;
			sourceTree = "<group>";
		};
		59316BC029D220A900C124D9 /* Progress */ = {
			isa = PBXGroup;
			children = (
				59316B9429D21D6100C124D9 /* ProgressViewController.swift */,
			);
			path = Progress;
			sourceTree = "<group>";
		};
		59316BC129D220BC00C124D9 /* Themes */ = {
			isa = PBXGroup;
			children = (
				59316BC329D2214400C124D9 /* TypesOfCollections */,
				59316BC229D2212200C124D9 /* TheBasics */,
			);
			path = Themes;
			sourceTree = "<group>";
		};
		59316BC229D2212200C124D9 /* TheBasics */ = {
			isa = PBXGroup;
			children = (
				59316BAA29D21D8100C124D9 /* CommentsViewController.swift */,
				59316BA829D21D8000C124D9 /* ConvertingNumericTypesViewController.swift */,
				59316BA429D21D8000C124D9 /* dataTypesViewController.swift */,
				59316BA729D21D8000C124D9 /* IntegersViewController.swift */,
				59316BA129D21D8000C124D9 /* LectureViewController.swift */,
				59316BA029D21D8000C124D9 /* LetAndVarViewController.swift */,
				59316B9F29D21D7F00C124D9 /* logicalTypesViewController.swift */,
				59316BA229D21D8000C124D9 /* multilineLinesViewController.swift */,
				59316BA629D21D8000C124D9 /* NumericLiteralsViewController.swift */,
				59316B9E29D21D7F00C124D9 /* OptionalTypesViewController.swift */,
				59316BAB29D21D8100C124D9 /* StatementsAndPreconditionsViewController.swift */,
				59316BA529D21D8000C124D9 /* TuplesViewController.swift */,
				59316BA329D21D8000C124D9 /* AnnotationOfTypesViewController.swift */,
				59316BA929D21D8000C124D9 /* AboutSwiftViewController.swift */,
			);
			path = TheBasics;
			sourceTree = "<group>";
		};
		59316BC329D2214400C124D9 /* TypesOfCollections */ = {
			isa = PBXGroup;
			children = (
				59316B9829D21D7400C124D9 /* SetsViewController.swift */,
				59316B9729D21D7400C124D9 /* DictionariesViewController.swift */,
				59316B9629D21D7400C124D9 /* ArrayViewController.swift */,
				59316B9929D21D7400C124D9 /* AboutTypesViewController.swift */,
			);
			path = TypesOfCollections;
			sourceTree = "<group>";
		};
/* End PBXGroup section */

/* Begin PBXNativeTarget section */
		59316B6D29D21AB400C124D9 /* SwiftInvalid */ = {
			isa = PBXNativeTarget;
			buildConfigurationList = 59316B8529D21AB700C124D9 /* Build configuration list for PBXNativeTarget "SwiftInvalid" */;
			buildPhases = (
				59316B6A29D21AB400C124D9 /* Sources */,
				59316B6B29D21AB400C124D9 /* Frameworks */,
				59316B6C29D21AB400C124D9 /* Resources */,
			);
			buildRules = (
			);
			dependencies = (
			);
			name = SwiftInvalid;
			productName = SwiftInvalid;
			productReference = 59316B6E29D21AB400C124D9 /* SwiftInvalid.app */;
			productType = "com.apple.product-type.application";
		};
/* End PBXNativeTarget section */

/* Begin PBXProject section */
		59316B6629D21AB400C124D9 /* Project object */ = {
			isa = PBXProject;
			attributes = {
				BuildIndependentTargetsInParallel = 1;
				LastSwiftUpdateCheck = 1420;
				LastUpgradeCheck = 1420;
				TargetAttributes = {
					59316B6D29D21AB400C124D9 = {
						CreatedOnToolsVersion = 14.2;
					};
				};
			};
			buildConfigurationList = 59316B6929D21AB400C124D9 /* Build configuration list for PBXProject "SwiftInvalid" */;
			compatibilityVersion = "Xcode 14.0";
			developmentRegion = en;
			hasScannedForEncodings = 0;
			knownRegions = (
				en,
				Base,
			);
			mainGroup = 59316B6529D21AB400C124D9;
			productRefGroup = 59316B6F29D21AB400C124D9 /* Products */;
			projectDirPath = "";
			projectRoot = "";
			targets = (
				59316B6D29D21AB400C124D9 /* SwiftInvalid */,
			);
		};
/* End PBXProject section */

/* Begin PBXResourcesBuildPhase section */
		59316B6C29D21AB400C124D9 /* Resources */ = {
			isa = PBXResourcesBuildPhase;
			buildActionMask = 2147483647;
			files = (
				59316B8929D21B2E00C124D9 /* TabBar.storyboard in Resources */,
				59316B8129D21AB700C124D9 /* LaunchScreen.storyboard in Resources */,
				59316B7E29D21AB700C124D9 /* Assets.xcassets in Resources */,
				59316B8D29D21C8100C124D9 /* Main.storyboard in Resources */,
			);
			runOnlyForDeploymentPostprocessing = 0;
		};
/* End PBXResourcesBuildPhase section */

/* Begin PBXSourcesBuildPhase section */
		59316B6A29D21AB400C124D9 /* Sources */ = {
			isa = PBXSourcesBuildPhase;
			buildActionMask = 2147483647;
			files = (
				59316BB029D21D8100C124D9 /* multilineLinesViewController.swift in Sources */,
				59316B9A29D21D7500C124D9 /* ArrayViewController.swift in Sources */,
				59316B9C29D21D7500C124D9 /* SetsViewController.swift in Sources */,
				59316BB629D21D8100C124D9 /* ConvertingNumericTypesViewController.swift in Sources */,
				59316B9D29D21D7500C124D9 /* AboutTypesViewController.swift in Sources */,
				59316B7629D21AB400C124D9 /* ViewController.swift in Sources */,
				59316B9B29D21D7500C124D9 /* DictionariesViewController.swift in Sources */,
				59316BAF29D21D8100C124D9 /* LectureViewController.swift in Sources */,
				59316B7C29D21AB400C124D9 /* SwiftInvalid.xcdatamodeld in Sources */,
				59316BB329D21D8100C124D9 /* TuplesViewController.swift in Sources */,
				59316BB529D21D8100C124D9 /* IntegersViewController.swift in Sources */,
				59316BAC29D21D8100C124D9 /* OptionalTypesViewController.swift in Sources */,
				59316BB729D21D8100C124D9 /* AboutSwiftViewController.swift in Sources */,
				59316B9229D21D4500C124D9 /* LearnTableViewCell.swift in Sources */,
				59316BB829D21D8100C124D9 /* CommentsViewController.swift in Sources */,
				59316BAE29D21D8100C124D9 /* LetAndVarViewController.swift in Sources */,
				59316B7229D21AB400C124D9 /* AppDelegate.swift in Sources */,
				59316B8B29D21B4E00C124D9 /* TabBarController.swift in Sources */,
				59316BB929D21D8100C124D9 /* StatementsAndPreconditionsViewController.swift in Sources */,
				59316BB429D21D8100C124D9 /* NumericLiteralsViewController.swift in Sources */,
				59316B9329D21D4500C124D9 /* Themes.swift in Sources */,
				59316B9529D21D6100C124D9 /* ProgressViewController.swift in Sources */,
				59316B7429D21AB400C124D9 /* SceneDelegate.swift in Sources */,
				59316BAD29D21D8100C124D9 /* logicalTypesViewController.swift in Sources */,
				59316B9129D21D4500C124D9 /* LearnViewController.swift in Sources */,
				59316BB229D21D8100C124D9 /* dataTypesViewController.swift in Sources */,
				59316BB129D21D8100C124D9 /* AnnotationOfTypesViewController.swift in Sources */,
			);
			runOnlyForDeploymentPostprocessing = 0;
		};
/* End PBXSourcesBuildPhase section */

/* Begin PBXVariantGroup section */
		59316B7F29D21AB700C124D9 /* LaunchScreen.storyboard */ = {
			isa = PBXVariantGroup;
			children = (
				59316B8029D21AB700C124D9 /* Base */,
			);
			name = LaunchScreen.storyboard;
			sourceTree = "<group>";
		};
/* End PBXVariantGroup section */

/* Begin XCBuildConfiguration section */
		59316B8329D21AB700C124D9 /* Debug */ = {
			isa = XCBuildConfiguration;
			buildSettings = {
				ALWAYS_SEARCH_USER_PATHS = NO;
				CLANG_ANALYZER_NONNULL = YES;
				CLANG_ANALYZER_NUMBER_OBJECT_CONVERSION = YES_AGGRESSIVE;
				CLANG_CXX_LANGUAGE_STANDARD = "gnu++20";
				CLANG_ENABLE_MODULES = YES;
				CLANG_ENABLE_OBJC_ARC = YES;
				CLANG_ENABLE_OBJC_WEAK = YES;
				CLANG_WARN_BLOCK_CAPTURE_AUTORELEASING = YES;
				CLANG_WARN_BOOL_CONVERSION = YES;
				CLANG_WARN_COMMA = YES;
				CLANG_WARN_CONSTANT_CONVERSION = YES;
				CLANG_WARN_DEPRECATED_OBJC_IMPLEMENTATIONS = YES;
				CLANG_WARN_DIRECT_OBJC_ISA_USAGE = YES_ERROR;
				CLANG_WARN_DOCUMENTATION_COMMENTS = YES;
				CLANG_WARN_EMPTY_BODY = YES;
				CLANG_WARN_ENUM_CONVERSION = YES;
				CLANG_WARN_INFINITE_RECURSION = YES;
				CLANG_WARN_INT_CONVERSION = YES;
				CLANG_WARN_NON_LITERAL_NULL_CONVERSION = YES;
				CLANG_WARN_OBJC_IMPLICIT_RETAIN_SELF = YES;
				CLANG_WARN_OBJC_LITERAL_CONVERSION = YES;
				CLANG_WARN_OBJC_ROOT_CLASS = YES_ERROR;
				CLANG_WARN_QUOTED_INCLUDE_IN_FRAMEWORK_HEADER = YES;
				CLANG_WARN_RANGE_LOOP_ANALYSIS = YES;
				CLANG_WARN_STRICT_PROTOTYPES = YES;
				CLANG_WARN_SUSPICIOUS_MOVE = YES;
				CLANG_WARN_UNGUARDED_AVAILABILITY = YES_AGGRESSIVE;
				CLANG_WARN_UNREACHABLE_CODE = YES;
				CLANG_WARN__DUPLICATE_METHOD_MATCH = YES;
				COPY_PHASE_STRIP = NO;
				DEBUG_INFORMATION_FORMAT = dwarf;
				ENABLE_STRICT_OBJC_MSGSEND = YES;
				ENABLE_TESTABILITY = YES;
				GCC_C_LANGUAGE_STANDARD = gnu11;
				GCC_DYNAMIC_NO_PIC = NO;
				GCC_NO_COMMON_BLOCKS = YES;
				GCC_OPTIMIZATION_LEVEL = 0;
				GCC_PREPROCESSOR_DEFINITIONS = (
					"DEBUG=1",
					"$(inherited)",
				);
				GCC_WARN_64_TO_32_BIT_CONVERSION = YES;
				GCC_WARN_ABOUT_RETURN_TYPE = YES_ERROR;
				GCC_WARN_UNDECLARED_SELECTOR = YES;
				GCC_WARN_UNINITIALIZED_AUTOS = YES_AGGRESSIVE;
				GCC_WARN_UNUSED_FUNCTION = YES;
				GCC_WARN_UNUSED_VARIABLE = YES;
				IPHONEOS_DEPLOYMENT_TARGET = 16.2;
				MTL_ENABLE_DEBUG_INFO = INCLUDE_SOURCE;
				MTL_FAST_MATH = YES;
				ONLY_ACTIVE_ARCH = YES;
				SDKROOT = iphoneos;
				SWIFT_ACTIVE_COMPILATION_CONDITIONS = DEBUG;
				SWIFT_OPTIMIZATION_LEVEL = "-Onone";
			};
			name = Debug;
		};
		59316B8429D21AB700C124D9 /* Release */ = {
			isa = XCBuildConfiguration;
			buildSettings = {
				ALWAYS_SEARCH_USER_PATHS = NO;
				CLANG_ANALYZER_NONNULL = YES;
				CLANG_ANALYZER_NUMBER_OBJECT_CONVERSION = YES_AGGRESSIVE;
				CLANG_CXX_LANGUAGE_STANDARD = "gnu++20";
				CLANG_ENABLE_MODULES = YES;
				CLANG_ENABLE_OBJC_ARC = YES;
				CLANG_ENABLE_OBJC_WEAK = YES;
				CLANG_WARN_BLOCK_CAPTURE_AUTORELEASING = YES;
				CLANG_WARN_BOOL_CONVERSION = YES;
				CLANG_WARN_COMMA = YES;
				CLANG_WARN_CONSTANT_CONVERSION = YES;
				CLANG_WARN_DEPRECATED_OBJC_IMPLEMENTATIONS = YES;
				CLANG_WARN_DIRECT_OBJC_ISA_USAGE = YES_ERROR;
				CLANG_WARN_DOCUMENTATION_COMMENTS = YES;
				CLANG_WARN_EMPTY_BODY = YES;
				CLANG_WARN_ENUM_CONVERSION = YES;
				CLANG_WARN_INFINITE_RECURSION = YES;
				CLANG_WARN_INT_CONVERSION = YES;
				CLANG_WARN_NON_LITERAL_NULL_CONVERSION = YES;
				CLANG_WARN_OBJC_IMPLICIT_RETAIN_SELF = YES;
				CLANG_WARN_OBJC_LITERAL_CONVERSION = YES;
				CLANG_WARN_OBJC_ROOT_CLASS = YES_ERROR;
				CLANG_WARN_QUOTED_INCLUDE_IN_FRAMEWORK_HEADER = YES;
				CLANG_WARN_RANGE_LOOP_ANALYSIS = YES;
				CLANG_WARN_STRICT_PROTOTYPES = YES;
				CLANG_WARN_SUSPICIOUS_MOVE = YES;
				CLANG_WARN_UNGUARDED_AVAILABILITY = YES_AGGRESSIVE;
				CLANG_WARN_UNREACHABLE_CODE = YES;
				CLANG_WARN__DUPLICATE_METHOD_MATCH = YES;
				COPY_PHASE_STRIP = NO;
				DEBUG_INFORMATION_FORMAT = "dwarf-with-dsym";
				ENABLE_NS_ASSERTIONS = NO;
				ENABLE_STRICT_OBJC_MSGSEND = YES;
				GCC_C_LANGUAGE_STANDARD = gnu11;
				GCC_NO_COMMON_BLOCKS = YES;
				GCC_WARN_64_TO_32_BIT_CONVERSION = YES;
				GCC_WARN_ABOUT_RETURN_TYPE = YES_ERROR;
				GCC_WARN_UNDECLARED_SELECTOR = YES;
				GCC_WARN_UNINITIALIZED_AUTOS = YES_AGGRESSIVE;
				GCC_WARN_UNUSED_FUNCTION = YES;
				GCC_WARN_UNUSED_VARIABLE = YES;
				IPHONEOS_DEPLOYMENT_TARGET = 16.2;
				MTL_ENABLE_DEBUG_INFO = NO;
				MTL_FAST_MATH = YES;
				SDKROOT = iphoneos;
				SWIFT_COMPILATION_MODE = wholemodule;
				SWIFT_OPTIMIZATION_LEVEL = "-O";
				VALIDATE_PRODUCT = YES;
			};
			name = Release;
		};
		59316B8629D21AB700C124D9 /* Debug */ = {
			isa = XCBuildConfiguration;
			buildSettings = {
				ASSETCATALOG_COMPILER_APPICON_NAME = AppIcon;
				ASSETCATALOG_COMPILER_GLOBAL_ACCENT_COLOR_NAME = AccentColor;
				CODE_SIGN_STYLE = Automatic;
				CURRENT_PROJECT_VERSION = 1;
				DEVELOPMENT_TEAM = 3M4A8VVP4N;
				GENERATE_INFOPLIST_FILE = YES;
				INFOPLIST_FILE = SwiftInvalid/Info.plist;
				INFOPLIST_KEY_UIApplicationSupportsIndirectInputEvents = YES;
				INFOPLIST_KEY_UILaunchStoryboardName = LaunchScreen;
				INFOPLIST_KEY_UIMainStoryboardFile = Main;
				INFOPLIST_KEY_UISupportedInterfaceOrientations_iPad = "UIInterfaceOrientationPortrait UIInterfaceOrientationPortraitUpsideDown UIInterfaceOrientationLandscapeLeft UIInterfaceOrientationLandscapeRight";
				INFOPLIST_KEY_UISupportedInterfaceOrientations_iPhone = "UIInterfaceOrientationPortrait UIInterfaceOrientationLandscapeLeft UIInterfaceOrientationLandscapeRight";
				LD_RUNPATH_SEARCH_PATHS = (
					"$(inherited)",
					"@executable_path/Frameworks",
				);
				MARKETING_VERSION = 1.0;
				PRODUCT_BUNDLE_IDENTIFIER = Roman.SwiftInvalid;
				PRODUCT_NAME = "$(TARGET_NAME)";
				SWIFT_EMIT_LOC_STRINGS = YES;
				SWIFT_VERSION = 5.0;
				TARGETED_DEVICE_FAMILY = "1,2";
			};
			name = Debug;
		};
		59316B8729D21AB700C124D9 /* Release */ = {
			isa = XCBuildConfiguration;
			buildSettings = {
				ASSETCATALOG_COMPILER_APPICON_NAME = AppIcon;
				ASSETCATALOG_COMPILER_GLOBAL_ACCENT_COLOR_NAME = AccentColor;
				CODE_SIGN_STYLE = Automatic;
				CURRENT_PROJECT_VERSION = 1;
				DEVELOPMENT_TEAM = 3M4A8VVP4N;
				GENERATE_INFOPLIST_FILE = YES;
				INFOPLIST_FILE = SwiftInvalid/Info.plist;
				INFOPLIST_KEY_UIApplicationSupportsIndirectInputEvents = YES;
				INFOPLIST_KEY_UILaunchStoryboardName = LaunchScreen;
				INFOPLIST_KEY_UIMainStoryboardFile = Main;
				INFOPLIST_KEY_UISupportedInterfaceOrientations_iPad = "UIInterfaceOrientationPortrait UIInterfaceOrientationPortraitUpsideDown UIInterfaceOrientationLandscapeLeft UIInterfaceOrientationLandscapeRight";
				INFOPLIST_KEY_UISupportedInterfaceOrientations_iPhone = "UIInterfaceOrientationPortrait UIInterfaceOrientationLandscapeLeft UIInterfaceOrientationLandscapeRight";
				LD_RUNPATH_SEARCH_PATHS = (
					"$(inherited)",
					"@executable_path/Frameworks",
				);
				MARKETING_VERSION = 1.0;
				PRODUCT_BUNDLE_IDENTIFIER = Roman.SwiftInvalid;
				PRODUCT_NAME = "$(TARGET_NAME)";
				SWIFT_EMIT_LOC_STRINGS = YES;
				SWIFT_VERSION = 5.0;
				TARGETED_DEVICE_FAMILY = "1,2";
			};
			name = Release;
		};
/* End XCBuildConfiguration section */

/* Begin XCConfigurationList section */
		59316B6929D21AB400C124D9 /* Build configuration list for PBXProject "SwiftInvalid" */ = {
			isa = XCConfigurationList;
			buildConfigurations = (
				59316B8329D21AB700C124D9 /* Debug */,
				59316B8429D21AB700C124D9 /* Release */,
			);
			defaultConfigurationIsVisible = 0;
			defaultConfigurationName = Release;
		};
		59316B8529D21AB700C124D9 /* Build configuration list for PBXNativeTarget "SwiftInvalid" */ = {
			isa = XCConfigurationList;
			buildConfigurations = (
				59316B8629D21AB700C124D9 /* Debug */,
				59316B8729D21AB700C124D9 /* Release */,
			);
			defaultConfigurationIsVisible = 0;
			defaultConfigurationName = Release;
		};
/* End XCConfigurationList section */

/* Begin XCVersionGroup section */
		59316B7A29D21AB400C124D9 /* SwiftInvalid.xcdatamodeld */ = {
			isa = XCVersionGroup;
			children = (
				59316B7B29D21AB400C124D9 /* SwiftInvalid.xcdatamodel */,
			);
			currentVersion = 59316B7B29D21AB400C124D9 /* SwiftInvalid.xcdatamodel */;
			path = SwiftInvalid.xcdatamodeld;
			sourceTree = "<group>";
			versionGroupType = wrapper.xcdatamodel;
		};
/* End XCVersionGroup section */
	};
	rootObject = 59316B6629D21AB400C124D9 /* Project object */;
}
